# generated by rye
# use `rye lock` or `rye sync` to update this lockfile
#
# last locked with the following flags:
#   pre: false
#   features: []
#   all-features: false
#   with-sources: false
#   generate-hashes: false

-e file:.
alembic==1.13.1
    # via mlflow
aniso8601==9.0.1
    # via graphene
antlr4-python3-runtime==4.9.3
    # via omegaconf
blinker==1.7.0
    # via flask
certifi==2022.12.7
    # via requests
charset-normalizer==2.1.1
    # via requests
click==8.1.7
    # via flask
    # via mlflow
cloudpickle==3.0.0
    # via mlflow
contourpy==1.2.1
    # via matplotlib
cycler==0.12.1
    # via matplotlib
docker==7.0.0
    # via mlflow
einops==0.8.0
    # via pytorch-project-template
entrypoints==0.4
    # via mlflow
filelock==3.13.1
    # via huggingface-hub
    # via torch
    # via triton
flask==3.0.3
    # via mlflow
fonttools==4.51.0
    # via matplotlib
fsspec==2024.2.0
    # via huggingface-hub
    # via torch
gitdb==4.0.11
    # via gitpython
gitpython==3.1.43
    # via mlflow
graphene==3.3
    # via mlflow
graphql-core==3.2.3
    # via graphene
    # via graphql-relay
graphql-relay==3.2.0
    # via graphene
greenlet==3.0.3
    # via sqlalchemy
gunicorn==21.2.0
    # via mlflow
huggingface-hub==0.22.2
    # via timm
idna==3.4
    # via requests
importlib-metadata==7.1.0
    # via mlflow
itsdangerous==2.2.0
    # via flask
jinja2==3.1.3
    # via flask
    # via mlflow
    # via torch
joblib==1.4.0
    # via scikit-learn
kiwisolver==1.4.5
    # via matplotlib
kornia==0.7.2
    # via pytorch-project-template
kornia-rs==0.1.3
    # via kornia
lightning-utilities==0.11.2
    # via torchmetrics
mako==1.3.3
    # via alembic
markdown==3.6
    # via mlflow
markupsafe==2.1.5
    # via jinja2
    # via mako
    # via werkzeug
matplotlib==3.8.4
    # via mlflow
    # via pytorch-project-template
mlflow==2.12.1
    # via pytorch-project-template
mpmath==1.3.0
    # via sympy
natsort==8.4.0
    # via pytorch-project-template
networkx==3.2.1
    # via torch
numpy==1.26.3
    # via contourpy
    # via matplotlib
    # via mlflow
    # via opencv-python
    # via pandas
    # via pyarrow
    # via scikit-learn
    # via scipy
    # via torchmetrics
    # via torchvision
nvidia-cublas-cu12==12.1.3.1
    # via nvidia-cudnn-cu12
    # via nvidia-cusolver-cu12
    # via torch
nvidia-cuda-cupti-cu12==12.1.105
    # via torch
nvidia-cuda-nvrtc-cu12==12.1.105
    # via torch
nvidia-cuda-runtime-cu12==12.1.105
    # via torch
nvidia-cudnn-cu12==8.9.2.26
    # via torch
nvidia-cufft-cu12==11.0.2.54
    # via torch
nvidia-curand-cu12==10.3.2.106
    # via torch
nvidia-cusolver-cu12==11.4.5.107
    # via torch
nvidia-cusparse-cu12==12.1.0.106
    # via nvidia-cusolver-cu12
    # via torch
nvidia-nccl-cu12==2.19.3
    # via torch
nvidia-nvjitlink-cu12==12.1.105
    # via nvidia-cusolver-cu12
    # via nvidia-cusparse-cu12
nvidia-nvtx-cu12==12.1.105
    # via torch
omegaconf==2.3.0
    # via pytorch-project-template
opencv-python==4.9.0.80
    # via pytorch-project-template
packaging==22.0
    # via docker
    # via gunicorn
    # via huggingface-hub
    # via kornia
    # via lightning-utilities
    # via matplotlib
    # via mlflow
    # via torchmetrics
pandas==2.2.2
    # via mlflow
pillow==10.2.0
    # via matplotlib
    # via torchvision
protobuf==5.26.1
    # via mlflow
psutil==5.9.8
    # via pytorch-project-template
pyarrow==15.0.2
    # via mlflow
pynvml==11.5.0
    # via pytorch-project-template
pyparsing==3.1.2
    # via matplotlib
python-dateutil==2.9.0.post0
    # via matplotlib
    # via pandas
python-dotenv==1.0.1
    # via pytorch-project-template
pytz==2024.1
    # via mlflow
    # via pandas
pyyaml==6.0.1
    # via huggingface-hub
    # via mlflow
    # via omegaconf
    # via timm
querystring-parser==1.2.4
    # via mlflow
requests==2.28.1
    # via docker
    # via huggingface-hub
    # via mlflow
ruff==0.4.2
safetensors==0.4.3
    # via timm
scikit-learn==1.4.2
    # via mlflow
scipy==1.13.0
    # via mlflow
    # via scikit-learn
setuptools==69.5.1
    # via lightning-utilities
six==1.16.0
    # via python-dateutil
    # via querystring-parser
smmap==5.0.1
    # via gitdb
sqlalchemy==2.0.29
    # via alembic
    # via mlflow
sqlparse==0.5.0
    # via mlflow
sympy==1.12
    # via torch
tabulate==0.9.0
    # via pytorch-project-template
threadpoolctl==3.4.0
    # via scikit-learn
timm==0.9.16
    # via pytorch-project-template
torch==2.2.1+cu121
    # via kornia
    # via pytorch-project-template
    # via timm
    # via torch-cpp
    # via torchmetrics
    # via torchvision
torch-cpp @ https://github.com/mjun0812/torch_cpp/raw/main/dist/torch_cpp-1.0.0+torch221cu121-cp311-cp311-linux_x86_64.whl
    # via pytorch-project-template
torchinfo==1.8.0
    # via pytorch-project-template
torchmetrics==1.0.3
    # via pytorch-project-template
torchvision==0.17.1+cu121
    # via pytorch-project-template
    # via timm
tqdm==4.64.1
    # via huggingface-hub
    # via pytorch-project-template
triton==2.2.0
    # via torch
typing-extensions==4.9.0
    # via alembic
    # via huggingface-hub
    # via lightning-utilities
    # via sqlalchemy
    # via torch
tzdata==2024.1
    # via pandas
urllib3==1.26.13
    # via docker
    # via requests
werkzeug==3.0.2
    # via flask
zipp==3.18.1
    # via importlib-metadata
